// !$*UTF8*$!
{
	archiveVersion = 1;
	classes = {
	};
	objectVersion = 54;
	objects = {

/* Begin PBXBuildFile section */
		0C80B921A6F3F58F76C31292 /* libPods-ReactNativeRichTextEditorExample.a in Frameworks */ = {isa = PBXBuildFile; fileRef = 5DCACB8F33CDC322A6C60F78 /* libPods-ReactNativeRichTextEditorExample.a */; };
		0CD8BA6AD7814F8DB7A821F7 /* CascadiaCode-ExtraLightItalic.ttf in Resources */ = {isa = PBXBuildFile; fileRef = 7DDEBA1C438F415493ECFAB7 /* CascadiaCode-ExtraLightItalic.ttf */; };
		13B07FBF1A68108700A75B9A /* Images.xcassets in Resources */ = {isa = PBXBuildFile; fileRef = 13B07FB51A68108700A75B9A /* Images.xcassets */; };
		21F123CC4B834D2999D0E0AD /* OFL.txt in Resources */ = {isa = PBXBuildFile; fileRef = 674C8E7598D647768ECEC0E1 /* OFL.txt */; };
		271147C3BA434F6A84F4483F /* CascadiaCode-Italic.ttf in Resources */ = {isa = PBXBuildFile; fileRef = 6352E13F84F841D5A2BA25B4 /* CascadiaCode-Italic.ttf */; };
		56EDC86733EA478B9DA01878 /* CascadiaCode-Medium.ttf in Resources */ = {isa = PBXBuildFile; fileRef = 87375222174145AD85B4DE62 /* CascadiaCode-Medium.ttf */; };
		5B86D220CCF04C2A850EB7E8 /* CascadiaCode-MediumItalic.ttf in Resources */ = {isa = PBXBuildFile; fileRef = 78D6C09519344432B162E948 /* CascadiaCode-MediumItalic.ttf */; };
		71808E445FEA4FCF902169F4 /* CascadiaCode-Italic-VariableFont_wght.ttf in Resources */ = {isa = PBXBuildFile; fileRef = 3A18DEB91C24449AA3ECE59A /* CascadiaCode-Italic-VariableFont_wght.ttf */; };
		71AA7E56B3D7424AB82C5D46 /* CascadiaCode-Bold.ttf in Resources */ = {isa = PBXBuildFile; fileRef = 79452663257A4B73B2308643 /* CascadiaCode-Bold.ttf */; };
		761780ED2CA45674006654EE /* AppDelegate.swift in Sources */ = {isa = PBXBuildFile; fileRef = 761780EC2CA45674006654EE /* AppDelegate.swift */; };
		76440F80827A49FFA3B1BED5 /* FontAwesome.json in Resources */ = {isa = PBXBuildFile; fileRef = C667157990F34428AEE8CC93 /* FontAwesome.json */; };
		76D07A8A0593C01D41F81A54 /* PrivacyInfo.xcprivacy in Resources */ = {isa = PBXBuildFile; fileRef = 13B07FB81A68108700A75B9A /* PrivacyInfo.xcprivacy */; };
		7DE7F1D88B514FDB8C66ED56 /* CascadiaCode-Regular.ttf in Resources */ = {isa = PBXBuildFile; fileRef = 4E36300E55D4493B9BE898E6 /* CascadiaCode-Regular.ttf */; };
		81AB9BB82411601600AC10FF /* LaunchScreen.storyboard in Resources */ = {isa = PBXBuildFile; fileRef = 81AB9BB72411601600AC10FF /* LaunchScreen.storyboard */; };
		8378C8E95A614114A21F3687 /* CascadiaCode-BoldItalic.ttf in Resources */ = {isa = PBXBuildFile; fileRef = 5D1BB596339A4F8E8CBC2087 /* CascadiaCode-BoldItalic.ttf */; };
		88B97641EDA042B383FCFCAB /* README.txt in Resources */ = {isa = PBXBuildFile; fileRef = 8A425B9B75B9488EA0FDF624 /* README.txt */; };
		902D54BCFDB74DA0A807C1F4 /* CascadiaCode-LightItalic.ttf in Resources */ = {isa = PBXBuildFile; fileRef = 7FD036FA17B24AAFA7082B2A /* CascadiaCode-LightItalic.ttf */; };
		907A3D37EC6F4B9DA1B70348 /* CascadiaCode-ExtraLight.ttf in Resources */ = {isa = PBXBuildFile; fileRef = 4A13A7631B3C499C989AC38A /* CascadiaCode-ExtraLight.ttf */; };
		95A487B0B0A94AFDA7B10C06 /* FontAwesome.ttf in Resources */ = {isa = PBXBuildFile; fileRef = D133E950DA6A4BC0A97DDFFE /* FontAwesome.ttf */; };
		970142F6180042E5964006A6 /* CascadiaCode-Light.ttf in Resources */ = {isa = PBXBuildFile; fileRef = DA76D9192FE24EC28C84DE79 /* CascadiaCode-Light.ttf */; };
		D8B2038262614F14AE6245F0 /* CascadiaCode-SemiBoldItalic.ttf in Resources */ = {isa = PBXBuildFile; fileRef = 4DA2D2AB9E3743888DAD5779 /* CascadiaCode-SemiBoldItalic.ttf */; };
		DCB0457B1CAE40B29979CDB9 /* CascadiaCode-VariableFont_wght.ttf in Resources */ = {isa = PBXBuildFile; fileRef = D384E64346204A8C8E773595 /* CascadiaCode-VariableFont_wght.ttf */; };
		F83E68A3773947EA87D1FD9C /* CascadiaCode-SemiBold.ttf in Resources */ = {isa = PBXBuildFile; fileRef = 3FD646A3FF0F4F33AC65021F /* CascadiaCode-SemiBold.ttf */; };
/* End PBXBuildFile section */

/* Begin PBXFileReference section */
		13B07F961A680F5B00A75B9A /* ReactNativeRichTextEditorExample.app */ = {isa = PBXFileReference; explicitFileType = wrapper.application; includeInIndex = 0; path = ReactNativeRichTextEditorExample.app; sourceTree = BUILT_PRODUCTS_DIR; };
		13B07FB51A68108700A75B9A /* Images.xcassets */ = {isa = PBXFileReference; lastKnownFileType = folder.assetcatalog; name = Images.xcassets; path = ReactNativeRichTextEditorExample/Images.xcassets; sourceTree = "<group>"; };
		13B07FB61A68108700A75B9A /* Info.plist */ = {isa = PBXFileReference; fileEncoding = 4; lastKnownFileType = text.plist.xml; name = Info.plist; path = ReactNativeRichTextEditorExample/Info.plist; sourceTree = "<group>"; };
		13B07FB81A68108700A75B9A /* PrivacyInfo.xcprivacy */ = {isa = PBXFileReference; fileEncoding = 4; lastKnownFileType = text.plist.xml; name = PrivacyInfo.xcprivacy; path = ReactNativeRichTextEditorExample/PrivacyInfo.xcprivacy; sourceTree = "<group>"; };
		3A18DEB91C24449AA3ECE59A /* CascadiaCode-Italic-VariableFont_wght.ttf */ = {isa = PBXFileReference; explicitFileType = undefined; fileEncoding = undefined; includeInIndex = 0; lastKnownFileType = unknown; name = "CascadiaCode-Italic-VariableFont_wght.ttf"; path = "../assets/fonts/Cascadia_Code/CascadiaCode-Italic-VariableFont_wght.ttf"; sourceTree = "<group>"; };
		3B4392A12AC88292D35C810B /* Pods-ReactNativeRichTextEditorExample.debug.xcconfig */ = {isa = PBXFileReference; includeInIndex = 1; lastKnownFileType = text.xcconfig; name = "Pods-ReactNativeRichTextEditorExample.debug.xcconfig"; path = "Target Support Files/Pods-ReactNativeRichTextEditorExample/Pods-ReactNativeRichTextEditorExample.debug.xcconfig"; sourceTree = "<group>"; };
		3FD646A3FF0F4F33AC65021F /* CascadiaCode-SemiBold.ttf */ = {isa = PBXFileReference; explicitFileType = undefined; fileEncoding = undefined; includeInIndex = 0; lastKnownFileType = unknown; name = "CascadiaCode-SemiBold.ttf"; path = "../assets/fonts/Cascadia_Code/static/CascadiaCode-SemiBold.ttf"; sourceTree = "<group>"; };
		4A13A7631B3C499C989AC38A /* CascadiaCode-ExtraLight.ttf */ = {isa = PBXFileReference; explicitFileType = undefined; fileEncoding = undefined; includeInIndex = 0; lastKnownFileType = unknown; name = "CascadiaCode-ExtraLight.ttf"; path = "../assets/fonts/Cascadia_Code/static/CascadiaCode-ExtraLight.ttf"; sourceTree = "<group>"; };
		4DA2D2AB9E3743888DAD5779 /* CascadiaCode-SemiBoldItalic.ttf */ = {isa = PBXFileReference; explicitFileType = undefined; fileEncoding = undefined; includeInIndex = 0; lastKnownFileType = unknown; name = "CascadiaCode-SemiBoldItalic.ttf"; path = "../assets/fonts/Cascadia_Code/static/CascadiaCode-SemiBoldItalic.ttf"; sourceTree = "<group>"; };
		4E36300E55D4493B9BE898E6 /* CascadiaCode-Regular.ttf */ = {isa = PBXFileReference; explicitFileType = undefined; fileEncoding = undefined; includeInIndex = 0; lastKnownFileType = unknown; name = "CascadiaCode-Regular.ttf"; path = "../assets/fonts/Cascadia_Code/static/CascadiaCode-Regular.ttf"; sourceTree = "<group>"; };
		5709B34CF0A7D63546082F79 /* Pods-ReactNativeRichTextEditorExample.release.xcconfig */ = {isa = PBXFileReference; includeInIndex = 1; lastKnownFileType = text.xcconfig; name = "Pods-ReactNativeRichTextEditorExample.release.xcconfig"; path = "Target Support Files/Pods-ReactNativeRichTextEditorExample/Pods-ReactNativeRichTextEditorExample.release.xcconfig"; sourceTree = "<group>"; };
		5D1BB596339A4F8E8CBC2087 /* CascadiaCode-BoldItalic.ttf */ = {isa = PBXFileReference; explicitFileType = undefined; fileEncoding = undefined; includeInIndex = 0; lastKnownFileType = unknown; name = "CascadiaCode-BoldItalic.ttf"; path = "../assets/fonts/Cascadia_Code/static/CascadiaCode-BoldItalic.ttf"; sourceTree = "<group>"; };
		5DCACB8F33CDC322A6C60F78 /* libPods-ReactNativeRichTextEditorExample.a */ = {isa = PBXFileReference; explicitFileType = archive.ar; includeInIndex = 0; path = "libPods-ReactNativeRichTextEditorExample.a"; sourceTree = BUILT_PRODUCTS_DIR; };
		6352E13F84F841D5A2BA25B4 /* CascadiaCode-Italic.ttf */ = {isa = PBXFileReference; explicitFileType = undefined; fileEncoding = undefined; includeInIndex = 0; lastKnownFileType = unknown; name = "CascadiaCode-Italic.ttf"; path = "../assets/fonts/Cascadia_Code/static/CascadiaCode-Italic.ttf"; sourceTree = "<group>"; };
		674C8E7598D647768ECEC0E1 /* OFL.txt */ = {isa = PBXFileReference; explicitFileType = undefined; fileEncoding = undefined; includeInIndex = 0; lastKnownFileType = unknown; name = OFL.txt; path = ../assets/fonts/Cascadia_Code/OFL.txt; sourceTree = "<group>"; };
		761780EC2CA45674006654EE /* AppDelegate.swift */ = {isa = PBXFileReference; lastKnownFileType = sourcecode.swift; name = AppDelegate.swift; path = ReactNativeRichTextEditorExample/AppDelegate.swift; sourceTree = "<group>"; };
		78D6C09519344432B162E948 /* CascadiaCode-MediumItalic.ttf */ = {isa = PBXFileReference; explicitFileType = undefined; fileEncoding = undefined; includeInIndex = 0; lastKnownFileType = unknown; name = "CascadiaCode-MediumItalic.ttf"; path = "../assets/fonts/Cascadia_Code/static/CascadiaCode-MediumItalic.ttf"; sourceTree = "<group>"; };
		79452663257A4B73B2308643 /* CascadiaCode-Bold.ttf */ = {isa = PBXFileReference; explicitFileType = undefined; fileEncoding = undefined; includeInIndex = 0; lastKnownFileType = unknown; name = "CascadiaCode-Bold.ttf"; path = "../assets/fonts/Cascadia_Code/static/CascadiaCode-Bold.ttf"; sourceTree = "<group>"; };
		7DDEBA1C438F415493ECFAB7 /* CascadiaCode-ExtraLightItalic.ttf */ = {isa = PBXFileReference; explicitFileType = undefined; fileEncoding = undefined; includeInIndex = 0; lastKnownFileType = unknown; name = "CascadiaCode-ExtraLightItalic.ttf"; path = "../assets/fonts/Cascadia_Code/static/CascadiaCode-ExtraLightItalic.ttf"; sourceTree = "<group>"; };
		7FD036FA17B24AAFA7082B2A /* CascadiaCode-LightItalic.ttf */ = {isa = PBXFileReference; explicitFileType = undefined; fileEncoding = undefined; includeInIndex = 0; lastKnownFileType = unknown; name = "CascadiaCode-LightItalic.ttf"; path = "../assets/fonts/Cascadia_Code/static/CascadiaCode-LightItalic.ttf"; sourceTree = "<group>"; };
		81AB9BB72411601600AC10FF /* LaunchScreen.storyboard */ = {isa = PBXFileReference; fileEncoding = 4; lastKnownFileType = file.storyboard; name = LaunchScreen.storyboard; path = ReactNativeRichTextEditorExample/LaunchScreen.storyboard; sourceTree = "<group>"; };
		87375222174145AD85B4DE62 /* CascadiaCode-Medium.ttf */ = {isa = PBXFileReference; explicitFileType = undefined; fileEncoding = undefined; includeInIndex = 0; lastKnownFileType = unknown; name = "CascadiaCode-Medium.ttf"; path = "../assets/fonts/Cascadia_Code/static/CascadiaCode-Medium.ttf"; sourceTree = "<group>"; };
		8A425B9B75B9488EA0FDF624 /* README.txt */ = {isa = PBXFileReference; explicitFileType = undefined; fileEncoding = undefined; includeInIndex = 0; lastKnownFileType = unknown; name = README.txt; path = ../assets/fonts/Cascadia_Code/README.txt; sourceTree = "<group>"; };
		C667157990F34428AEE8CC93 /* FontAwesome.json */ = {isa = PBXFileReference; explicitFileType = undefined; fileEncoding = undefined; includeInIndex = 0; lastKnownFileType = unknown; name = FontAwesome.json; path = ../assets/icons/FontAwesome.json; sourceTree = "<group>"; };
		D133E950DA6A4BC0A97DDFFE /* FontAwesome.ttf */ = {isa = PBXFileReference; explicitFileType = undefined; fileEncoding = undefined; includeInIndex = 0; lastKnownFileType = unknown; name = FontAwesome.ttf; path = ../assets/icons/FontAwesome.ttf; sourceTree = "<group>"; };
		D384E64346204A8C8E773595 /* CascadiaCode-VariableFont_wght.ttf */ = {isa = PBXFileReference; explicitFileType = undefined; fileEncoding = undefined; includeInIndex = 0; lastKnownFileType = unknown; name = "CascadiaCode-VariableFont_wght.ttf"; path = "../assets/fonts/Cascadia_Code/CascadiaCode-VariableFont_wght.ttf"; sourceTree = "<group>"; };
		DA76D9192FE24EC28C84DE79 /* CascadiaCode-Light.ttf */ = {isa = PBXFileReference; explicitFileType = undefined; fileEncoding = undefined; includeInIndex = 0; lastKnownFileType = unknown; name = "CascadiaCode-Light.ttf"; path = "../assets/fonts/Cascadia_Code/static/CascadiaCode-Light.ttf"; sourceTree = "<group>"; };
		ED297162215061F000B7C4FE /* JavaScriptCore.framework */ = {isa = PBXFileReference; lastKnownFileType = wrapper.framework; name = JavaScriptCore.framework; path = System/Library/Frameworks/JavaScriptCore.framework; sourceTree = SDKROOT; };
/* End PBXFileReference section */

/* Begin PBXFrameworksBuildPhase section */
		13B07F8C1A680F5B00A75B9A /* Frameworks */ = {
			isa = PBXFrameworksBuildPhase;
			buildActionMask = 2147483647;
			files = (
				0C80B921A6F3F58F76C31292 /* libPods-ReactNativeRichTextEditorExample.a in Frameworks */,
			);
			runOnlyForDeploymentPostprocessing = 0;
		};
/* End PBXFrameworksBuildPhase section */

/* Begin PBXGroup section */
		13B07FAE1A68108700A75B9A /* ReactNativeRichTextEditorExample */ = {
			isa = PBXGroup;
			children = (
				13B07FB51A68108700A75B9A /* Images.xcassets */,
				761780EC2CA45674006654EE /* AppDelegate.swift */,
				13B07FB61A68108700A75B9A /* Info.plist */,
				81AB9BB72411601600AC10FF /* LaunchScreen.storyboard */,
				13B07FB81A68108700A75B9A /* PrivacyInfo.xcprivacy */,
			);
			name = ReactNativeRichTextEditorExample;
			sourceTree = "<group>";
		};
		2D16E6871FA4F8E400B85C8A /* Frameworks */ = {
			isa = PBXGroup;
			children = (
				ED297162215061F000B7C4FE /* JavaScriptCore.framework */,
				5DCACB8F33CDC322A6C60F78 /* libPods-ReactNativeRichTextEditorExample.a */,
			);
			name = Frameworks;
			sourceTree = "<group>";
		};
		832341AE1AAA6A7D00B99B32 /* Libraries */ = {
			isa = PBXGroup;
			children = (
			);
			name = Libraries;
			sourceTree = "<group>";
		};
		83CBB9F61A601CBA00E9B192 = {
			isa = PBXGroup;
			children = (
				13B07FAE1A68108700A75B9A /* ReactNativeRichTextEditorExample */,
				832341AE1AAA6A7D00B99B32 /* Libraries */,
				83CBBA001A601CBA00E9B192 /* Products */,
				2D16E6871FA4F8E400B85C8A /* Frameworks */,
				BBD78D7AC51CEA395F1C20DB /* Pods */,
				E4E5B0CDA0C9475CBC2552DE /* Resources */,
			);
			indentWidth = 2;
			sourceTree = "<group>";
			tabWidth = 2;
			usesTabs = 0;
		};
		83CBBA001A601CBA00E9B192 /* Products */ = {
			isa = PBXGroup;
			children = (
				13B07F961A680F5B00A75B9A /* ReactNativeRichTextEditorExample.app */,
			);
			name = Products;
			sourceTree = "<group>";
		};
		BBD78D7AC51CEA395F1C20DB /* Pods */ = {
			isa = PBXGroup;
			children = (
				3B4392A12AC88292D35C810B /* Pods-ReactNativeRichTextEditorExample.debug.xcconfig */,
				5709B34CF0A7D63546082F79 /* Pods-ReactNativeRichTextEditorExample.release.xcconfig */,
			);
			path = Pods;
			sourceTree = "<group>";
		};
		E4E5B0CDA0C9475CBC2552DE /* Resources */ = {
			isa = PBXGroup;
			children = (
				3A18DEB91C24449AA3ECE59A /* CascadiaCode-Italic-VariableFont_wght.ttf */,
				D384E64346204A8C8E773595 /* CascadiaCode-VariableFont_wght.ttf */,
				79452663257A4B73B2308643 /* CascadiaCode-Bold.ttf */,
				5D1BB596339A4F8E8CBC2087 /* CascadiaCode-BoldItalic.ttf */,
				4A13A7631B3C499C989AC38A /* CascadiaCode-ExtraLight.ttf */,
				7DDEBA1C438F415493ECFAB7 /* CascadiaCode-ExtraLightItalic.ttf */,
				6352E13F84F841D5A2BA25B4 /* CascadiaCode-Italic.ttf */,
				DA76D9192FE24EC28C84DE79 /* CascadiaCode-Light.ttf */,
				7FD036FA17B24AAFA7082B2A /* CascadiaCode-LightItalic.ttf */,
				87375222174145AD85B4DE62 /* CascadiaCode-Medium.ttf */,
				78D6C09519344432B162E948 /* CascadiaCode-MediumItalic.ttf */,
				4E36300E55D4493B9BE898E6 /* CascadiaCode-Regular.ttf */,
				3FD646A3FF0F4F33AC65021F /* CascadiaCode-SemiBold.ttf */,
				4DA2D2AB9E3743888DAD5779 /* CascadiaCode-SemiBoldItalic.ttf */,
				674C8E7598D647768ECEC0E1 /* OFL.txt */,
				8A425B9B75B9488EA0FDF624 /* README.txt */,
				D133E950DA6A4BC0A97DDFFE /* FontAwesome.ttf */,
				C667157990F34428AEE8CC93 /* FontAwesome.json */,
			);
			name = Resources;
			path = "";
			sourceTree = "<group>";
		};
/* End PBXGroup section */

/* Begin PBXNativeTarget section */
		13B07F861A680F5B00A75B9A /* ReactNativeRichTextEditorExample */ = {
			isa = PBXNativeTarget;
			buildConfigurationList = 13B07F931A680F5B00A75B9A /* Build configuration list for PBXNativeTarget "ReactNativeRichTextEditorExample" */;
			buildPhases = (
				C38B50BA6285516D6DCD4F65 /* [CP] Check Pods Manifest.lock */,
				13B07F871A680F5B00A75B9A /* Sources */,
				13B07F8C1A680F5B00A75B9A /* Frameworks */,
				13B07F8E1A680F5B00A75B9A /* Resources */,
				00DD1BFF1BD5951E006B06BC /* Bundle React Native code and images */,
				00EEFC60759A1932668264C0 /* [CP] Embed Pods Frameworks */,
				E235C05ADACE081382539298 /* [CP] Copy Pods Resources */,
			);
			buildRules = (
			);
			dependencies = (
			);
			name = ReactNativeRichTextEditorExample;
			productName = ReactNativeRichTextEditorExample;
			productReference = 13B07F961A680F5B00A75B9A /* ReactNativeRichTextEditorExample.app */;
			productType = "com.apple.product-type.application";
		};
/* End PBXNativeTarget section */

/* Begin PBXProject section */
		83CBB9F71A601CBA00E9B192 /* Project object */ = {
			isa = PBXProject;
			attributes = {
				LastUpgradeCheck = 1210;
				TargetAttributes = {
					13B07F861A680F5B00A75B9A = {
						LastSwiftMigration = 1120;
					};
				};
			};
			buildConfigurationList = 83CBB9FA1A601CBA00E9B192 /* Build configuration list for PBXProject "ReactNativeRichTextEditorExample" */;
			compatibilityVersion = "Xcode 12.0";
			developmentRegion = en;
			hasScannedForEncodings = 0;
			knownRegions = (
				en,
				Base,
			);
			mainGroup = 83CBB9F61A601CBA00E9B192;
			productRefGroup = 83CBBA001A601CBA00E9B192 /* Products */;
			projectDirPath = "";
			projectRoot = "";
			targets = (
				13B07F861A680F5B00A75B9A /* ReactNativeRichTextEditorExample */,
			);
		};
/* End PBXProject section */

/* Begin PBXResourcesBuildPhase section */
		13B07F8E1A680F5B00A75B9A /* Resources */ = {
			isa = PBXResourcesBuildPhase;
			buildActionMask = 2147483647;
			files = (
				81AB9BB82411601600AC10FF /* LaunchScreen.storyboard in Resources */,
				13B07FBF1A68108700A75B9A /* Images.xcassets in Resources */,
				76D07A8A0593C01D41F81A54 /* PrivacyInfo.xcprivacy in Resources */,
				71808E445FEA4FCF902169F4 /* CascadiaCode-Italic-VariableFont_wght.ttf in Resources */,
				DCB0457B1CAE40B29979CDB9 /* CascadiaCode-VariableFont_wght.ttf in Resources */,
				71AA7E56B3D7424AB82C5D46 /* CascadiaCode-Bold.ttf in Resources */,
				8378C8E95A614114A21F3687 /* CascadiaCode-BoldItalic.ttf in Resources */,
				907A3D37EC6F4B9DA1B70348 /* CascadiaCode-ExtraLight.ttf in Resources */,
				0CD8BA6AD7814F8DB7A821F7 /* CascadiaCode-ExtraLightItalic.ttf in Resources */,
				271147C3BA434F6A84F4483F /* CascadiaCode-Italic.ttf in Resources */,
				970142F6180042E5964006A6 /* CascadiaCode-Light.ttf in Resources */,
				902D54BCFDB74DA0A807C1F4 /* CascadiaCode-LightItalic.ttf in Resources */,
				56EDC86733EA478B9DA01878 /* CascadiaCode-Medium.ttf in Resources */,
				5B86D220CCF04C2A850EB7E8 /* CascadiaCode-MediumItalic.ttf in Resources */,
				7DE7F1D88B514FDB8C66ED56 /* CascadiaCode-Regular.ttf in Resources */,
				F83E68A3773947EA87D1FD9C /* CascadiaCode-SemiBold.ttf in Resources */,
				D8B2038262614F14AE6245F0 /* CascadiaCode-SemiBoldItalic.ttf in Resources */,
				21F123CC4B834D2999D0E0AD /* OFL.txt in Resources */,
				88B97641EDA042B383FCFCAB /* README.txt in Resources */,
				95A487B0B0A94AFDA7B10C06 /* FontAwesome.ttf in Resources */,
				76440F80827A49FFA3B1BED5 /* FontAwesome.json in Resources */,
			);
			runOnlyForDeploymentPostprocessing = 0;
		};
/* End PBXResourcesBuildPhase section */

/* Begin PBXShellScriptBuildPhase section */
		00DD1BFF1BD5951E006B06BC /* Bundle React Native code and images */ = {
			isa = PBXShellScriptBuildPhase;
			buildActionMask = 2147483647;
			files = (
			);
			inputPaths = (
				"$(SRCROOT)/.xcode.env.local",
				"$(SRCROOT)/.xcode.env",
			);
			name = "Bundle React Native code and images";
			outputPaths = (
			);
			runOnlyForDeploymentPostprocessing = 0;
			shellPath = /bin/sh;
			shellScript = "set -e\n\nWITH_ENVIRONMENT=\"$REACT_NATIVE_PATH/scripts/xcode/with-environment.sh\"\nREACT_NATIVE_XCODE=\"$REACT_NATIVE_PATH/scripts/react-native-xcode.sh\"\n\n/bin/sh -c \"$WITH_ENVIRONMENT $REACT_NATIVE_XCODE\"\n";
		};
		00EEFC60759A1932668264C0 /* [CP] Embed Pods Frameworks */ = {
			isa = PBXShellScriptBuildPhase;
			buildActionMask = 2147483647;
			files = (
			);
			inputFileListPaths = (
				"${PODS_ROOT}/Target Support Files/Pods-ReactNativeRichTextEditorExample/Pods-ReactNativeRichTextEditorExample-frameworks-${CONFIGURATION}-input-files.xcfilelist",
			);
			name = "[CP] Embed Pods Frameworks";
			outputFileListPaths = (
				"${PODS_ROOT}/Target Support Files/Pods-ReactNativeRichTextEditorExample/Pods-ReactNativeRichTextEditorExample-frameworks-${CONFIGURATION}-output-files.xcfilelist",
			);
			runOnlyForDeploymentPostprocessing = 0;
			shellPath = /bin/sh;
			shellScript = "\"${PODS_ROOT}/Target Support Files/Pods-ReactNativeRichTextEditorExample/Pods-ReactNativeRichTextEditorExample-frameworks.sh\"\n";
			showEnvVarsInLog = 0;
		};
		C38B50BA6285516D6DCD4F65 /* [CP] Check Pods Manifest.lock */ = {
			isa = PBXShellScriptBuildPhase;
			buildActionMask = 2147483647;
			files = (
			);
			inputFileListPaths = (
			);
			inputPaths = (
				"${PODS_PODFILE_DIR_PATH}/Podfile.lock",
				"${PODS_ROOT}/Manifest.lock",
			);
			name = "[CP] Check Pods Manifest.lock";
			outputFileListPaths = (
			);
			outputPaths = (
				"$(DERIVED_FILE_DIR)/Pods-ReactNativeRichTextEditorExample-checkManifestLockResult.txt",
			);
			runOnlyForDeploymentPostprocessing = 0;
			shellPath = /bin/sh;
			shellScript = "diff \"${PODS_PODFILE_DIR_PATH}/Podfile.lock\" \"${PODS_ROOT}/Manifest.lock\" > /dev/null\nif [ $? != 0 ] ; then\n    # print error to STDERR\n    echo \"error: The sandbox is not in sync with the Podfile.lock. Run 'pod install' or update your CocoaPods installation.\" >&2\n    exit 1\nfi\n# This output is used by Xcode 'outputs' to avoid re-running this script phase.\necho \"SUCCESS\" > \"${SCRIPT_OUTPUT_FILE_0}\"\n";
			showEnvVarsInLog = 0;
		};
		E235C05ADACE081382539298 /* [CP] Copy Pods Resources */ = {
			isa = PBXShellScriptBuildPhase;
			buildActionMask = 2147483647;
			files = (
			);
			inputFileListPaths = (
				"${PODS_ROOT}/Target Support Files/Pods-ReactNativeRichTextEditorExample/Pods-ReactNativeRichTextEditorExample-resources-${CONFIGURATION}-input-files.xcfilelist",
			);
			name = "[CP] Copy Pods Resources";
			outputFileListPaths = (
				"${PODS_ROOT}/Target Support Files/Pods-ReactNativeRichTextEditorExample/Pods-ReactNativeRichTextEditorExample-resources-${CONFIGURATION}-output-files.xcfilelist",
			);
			runOnlyForDeploymentPostprocessing = 0;
			shellPath = /bin/sh;
			shellScript = "\"${PODS_ROOT}/Target Support Files/Pods-ReactNativeRichTextEditorExample/Pods-ReactNativeRichTextEditorExample-resources.sh\"\n";
			showEnvVarsInLog = 0;
		};
/* End PBXShellScriptBuildPhase section */

/* Begin PBXSourcesBuildPhase section */
		13B07F871A680F5B00A75B9A /* Sources */ = {
			isa = PBXSourcesBuildPhase;
			buildActionMask = 2147483647;
			files = (
				761780ED2CA45674006654EE /* AppDelegate.swift in Sources */,
			);
			runOnlyForDeploymentPostprocessing = 0;
		};
/* End PBXSourcesBuildPhase section */

/* Begin XCBuildConfiguration section */
		13B07F941A680F5B00A75B9A /* Debug */ = {
			isa = XCBuildConfiguration;
			baseConfigurationReference = 3B4392A12AC88292D35C810B /* Pods-ReactNativeRichTextEditorExample.debug.xcconfig */;
			buildSettings = {
				ASSETCATALOG_COMPILER_APPICON_NAME = AppIcon;
				CLANG_ENABLE_MODULES = YES;
				CURRENT_PROJECT_VERSION = 1;
				ENABLE_BITCODE = NO;
				INFOPLIST_FILE = ReactNativeRichTextEditorExample/Info.plist;
				IPHONEOS_DEPLOYMENT_TARGET = 15.1;
				LD_RUNPATH_SEARCH_PATHS = (
					"$(inherited)",
					"@executable_path/Frameworks",
				);
				MARKETING_VERSION = 1.0;
				OTHER_LDFLAGS = (
					"$(inherited)",
					"-ObjC",
					"-lc++",
				);
				PRODUCT_BUNDLE_IDENTIFIER = swmansion.reactnativerichtexteditor.example;
				PRODUCT_NAME = ReactNativeRichTextEditorExample;
				SWIFT_OPTIMIZATION_LEVEL = "-Onone";
				SWIFT_VERSION = 5.0;
				VERSIONING_SYSTEM = "apple-generic";
			};
			name = Debug;
		};
		13B07F951A680F5B00A75B9A /* Release */ = {
			isa = XCBuildConfiguration;
			baseConfigurationReference = 5709B34CF0A7D63546082F79 /* Pods-ReactNativeRichTextEditorExample.release.xcconfig */;
			buildSettings = {
				ASSETCATALOG_COMPILER_APPICON_NAME = AppIcon;
				CLANG_ENABLE_MODULES = YES;
				CURRENT_PROJECT_VERSION = 1;
				INFOPLIST_FILE = ReactNativeRichTextEditorExample/Info.plist;
				IPHONEOS_DEPLOYMENT_TARGET = 15.1;
				LD_RUNPATH_SEARCH_PATHS = (
					"$(inherited)",
					"@executable_path/Frameworks",
				);
				MARKETING_VERSION = 1.0;
				OTHER_LDFLAGS = (
					"$(inherited)",
					"-ObjC",
					"-lc++",
				);
				PRODUCT_BUNDLE_IDENTIFIER = swmansion.reactnativerichtexteditor.example;
				PRODUCT_NAME = ReactNativeRichTextEditorExample;
				SWIFT_VERSION = 5.0;
				VERSIONING_SYSTEM = "apple-generic";
			};
			name = Release;
		};
		83CBBA201A601CBA00E9B192 /* Debug */ = {
			isa = XCBuildConfiguration;
			buildSettings = {
				ALWAYS_SEARCH_USER_PATHS = NO;
				CLANG_ANALYZER_LOCALIZABILITY_NONLOCALIZED = YES;
				CLANG_CXX_LANGUAGE_STANDARD = "c++20";
				CLANG_CXX_LIBRARY = "libc++";
				CLANG_ENABLE_MODULES = YES;
				CLANG_ENABLE_OBJC_ARC = YES;
				CLANG_WARN_BLOCK_CAPTURE_AUTORELEASING = YES;
				CLANG_WARN_BOOL_CONVERSION = YES;
				CLANG_WARN_COMMA = YES;
				CLANG_WARN_CONSTANT_CONVERSION = YES;
				CLANG_WARN_DEPRECATED_OBJC_IMPLEMENTATIONS = YES;
				CLANG_WARN_DIRECT_OBJC_ISA_USAGE = YES_ERROR;
				CLANG_WARN_EMPTY_BODY = YES;
				CLANG_WARN_ENUM_CONVERSION = YES;
				CLANG_WARN_INFINITE_RECURSION = YES;
				CLANG_WARN_INT_CONVERSION = YES;
				CLANG_WARN_NON_LITERAL_NULL_CONVERSION = YES;
				CLANG_WARN_OBJC_IMPLICIT_RETAIN_SELF = YES;
				CLANG_WARN_OBJC_LITERAL_CONVERSION = YES;
				CLANG_WARN_OBJC_ROOT_CLASS = YES_ERROR;
				CLANG_WARN_QUOTED_INCLUDE_IN_FRAMEWORK_HEADER = YES;
				CLANG_WARN_RANGE_LOOP_ANALYSIS = YES;
				CLANG_WARN_STRICT_PROTOTYPES = YES;
				CLANG_WARN_SUSPICIOUS_MOVE = YES;
				CLANG_WARN_UNREACHABLE_CODE = YES;
				CLANG_WARN__DUPLICATE_METHOD_MATCH = YES;
				"CODE_SIGN_IDENTITY[sdk=iphoneos*]" = "iPhone Developer";
				COPY_PHASE_STRIP = NO;
				ENABLE_STRICT_OBJC_MSGSEND = YES;
				ENABLE_TESTABILITY = YES;
				"EXCLUDED_ARCHS[sdk=iphonesimulator*]" = "";
				GCC_C_LANGUAGE_STANDARD = gnu99;
				GCC_DYNAMIC_NO_PIC = NO;
				GCC_NO_COMMON_BLOCKS = YES;
				GCC_OPTIMIZATION_LEVEL = 0;
				GCC_PREPROCESSOR_DEFINITIONS = (
					"DEBUG=1",
					"$(inherited)",
				);
				GCC_SYMBOLS_PRIVATE_EXTERN = NO;
				GCC_WARN_64_TO_32_BIT_CONVERSION = YES;
				GCC_WARN_ABOUT_RETURN_TYPE = YES_ERROR;
				GCC_WARN_UNDECLARED_SELECTOR = YES;
				GCC_WARN_UNINITIALIZED_AUTOS = YES_AGGRESSIVE;
				GCC_WARN_UNUSED_FUNCTION = YES;
				GCC_WARN_UNUSED_VARIABLE = YES;
				IPHONEOS_DEPLOYMENT_TARGET = 15.1;
				LD_RUNPATH_SEARCH_PATHS = (
					/usr/lib/swift,
					"$(inherited)",
				);
				LIBRARY_SEARCH_PATHS = (
					"\"$(SDKROOT)/usr/lib/swift\"",
					"\"$(TOOLCHAIN_DIR)/usr/lib/swift/$(PLATFORM_NAME)\"",
					"\"$(inherited)\"",
				);
				MTL_ENABLE_DEBUG_INFO = YES;
				ONLY_ACTIVE_ARCH = YES;
				OTHER_CPLUSPLUSFLAGS = (
					"$(OTHER_CFLAGS)",
					"-DFOLLY_NO_CONFIG",
					"-DFOLLY_MOBILE=1",
					"-DFOLLY_USE_LIBCPP=1",
					"-DFOLLY_CFG_NO_COROUTINES=1",
					"-DFOLLY_HAVE_CLOCK_GETTIME=1",
				);
				OTHER_LDFLAGS = (
					"$(inherited)",
					" ",
				);
				REACT_NATIVE_PATH = "${PODS_ROOT}/../../node_modules/react-native";
				SDKROOT = iphoneos;
				SWIFT_ACTIVE_COMPILATION_CONDITIONS = "$(inherited) DEBUG";
				USE_HERMES = true;
			};
			name = Debug;
		};
		83CBBA211A601CBA00E9B192 /* Release */ = {
			isa = XCBuildConfiguration;
			buildSettings = {
				ALWAYS_SEARCH_USER_PATHS = NO;
				CLANG_ANALYZER_LOCALIZABILITY_NONLOCALIZED = YES;
				CLANG_CXX_LANGUAGE_STANDARD = "c++20";
				CLANG_CXX_LIBRARY = "libc++";
				CLANG_ENABLE_MODULES = YES;
				CLANG_ENABLE_OBJC_ARC = YES;
				CLANG_WARN_BLOCK_CAPTURE_AUTORELEASING = YES;
				CLANG_WARN_BOOL_CONVERSION = YES;
				CLANG_WARN_COMMA = YES;
				CLANG_WARN_CONSTANT_CONVERSION = YES;
				CLANG_WARN_DEPRECATED_OBJC_IMPLEMENTATIONS = YES;
				CLANG_WARN_DIRECT_OBJC_ISA_USAGE = YES_ERROR;
				CLANG_WARN_EMPTY_BODY = YES;
				CLANG_WARN_ENUM_CONVERSION = YES;
				CLANG_WARN_INFINITE_RECURSION = YES;
				CLANG_WARN_INT_CONVERSION = YES;
				CLANG_WARN_NON_LITERAL_NULL_CONVERSION = YES;
				CLANG_WARN_OBJC_IMPLICIT_RETAIN_SELF = YES;
				CLANG_WARN_OBJC_LITERAL_CONVERSION = YES;
				CLANG_WARN_OBJC_ROOT_CLASS = YES_ERROR;
				CLANG_WARN_QUOTED_INCLUDE_IN_FRAMEWORK_HEADER = YES;
				CLANG_WARN_RANGE_LOOP_ANALYSIS = YES;
				CLANG_WARN_STRICT_PROTOTYPES = YES;
				CLANG_WARN_SUSPICIOUS_MOVE = YES;
				CLANG_WARN_UNREACHABLE_CODE = YES;
				CLANG_WARN__DUPLICATE_METHOD_MATCH = YES;
				"CODE_SIGN_IDENTITY[sdk=iphoneos*]" = "iPhone Developer";
				COPY_PHASE_STRIP = YES;
				ENABLE_NS_ASSERTIONS = NO;
				ENABLE_STRICT_OBJC_MSGSEND = YES;
				"EXCLUDED_ARCHS[sdk=iphonesimulator*]" = "";
				GCC_C_LANGUAGE_STANDARD = gnu99;
				GCC_NO_COMMON_BLOCKS = YES;
				GCC_WARN_64_TO_32_BIT_CONVERSION = YES;
				GCC_WARN_ABOUT_RETURN_TYPE = YES_ERROR;
				GCC_WARN_UNDECLARED_SELECTOR = YES;
				GCC_WARN_UNINITIALIZED_AUTOS = YES_AGGRESSIVE;
				GCC_WARN_UNUSED_FUNCTION = YES;
				GCC_WARN_UNUSED_VARIABLE = YES;
				IPHONEOS_DEPLOYMENT_TARGET = 15.1;
				LD_RUNPATH_SEARCH_PATHS = (
					/usr/lib/swift,
					"$(inherited)",
				);
				LIBRARY_SEARCH_PATHS = (
					"\"$(SDKROOT)/usr/lib/swift\"",
					"\"$(TOOLCHAIN_DIR)/usr/lib/swift/$(PLATFORM_NAME)\"",
					"\"$(inherited)\"",
				);
				MTL_ENABLE_DEBUG_INFO = NO;
				OTHER_CPLUSPLUSFLAGS = (
					"$(OTHER_CFLAGS)",
					"-DFOLLY_NO_CONFIG",
					"-DFOLLY_MOBILE=1",
					"-DFOLLY_USE_LIBCPP=1",
					"-DFOLLY_CFG_NO_COROUTINES=1",
					"-DFOLLY_HAVE_CLOCK_GETTIME=1",
				);
				OTHER_LDFLAGS = (
					"$(inherited)",
					" ",
				);
				REACT_NATIVE_PATH = "${PODS_ROOT}/../../node_modules/react-native";
				SDKROOT = iphoneos;
				USE_HERMES = true;
				VALIDATE_PRODUCT = YES;
			};
			name = Release;
		};
/* End XCBuildConfiguration section */

/* Begin XCConfigurationList section */
		13B07F931A680F5B00A75B9A /* Build configuration list for PBXNativeTarget "ReactNativeRichTextEditorExample" */ = {
			isa = XCConfigurationList;
			buildConfigurations = (
				13B07F941A680F5B00A75B9A /* Debug */,
				13B07F951A680F5B00A75B9A /* Release */,
			);
			defaultConfigurationIsVisible = 0;
			defaultConfigurationName = Release;
		};
		83CBB9FA1A601CBA00E9B192 /* Build configuration list for PBXProject "ReactNativeRichTextEditorExample" */ = {
			isa = XCConfigurationList;
			buildConfigurations = (
				83CBBA201A601CBA00E9B192 /* Debug */,
				83CBBA211A601CBA00E9B192 /* Release */,
			);
			defaultConfigurationIsVisible = 0;
			defaultConfigurationName = Release;
		};
/* End XCConfigurationList section */
	};
	rootObject = 83CBB9F71A601CBA00E9B192 /* Project object */;
}
